{
  "originHash" : "b9d55856d161a2f7f4d012272acdd3dc3cee5f15b8317273bbf7ae192d7a65d9",
  "pins" : [
    {
      "identity" : "swiftpersistence",
      "kind" : "remoteSourceControl",
      "location" : "https://github.com/cheesetan/SwiftPersistence",
      "state" : {
        "revision" : "8b13dfbeac821279cd3ca5fb9f360250325b6f81",
        "version" : "1.1.2"
      }
    }
  ],
  "version" : 3
}
